
Microsoft Visual Studio Solution File, Format Version 12.00
# Visual Studio Version 16
VisualStudioVersion = 16.0.32002.261
MinimumVisualStudioVersion = 10.0.40219.1
Project("{FAE04EC0-301F-11D3-BF4B-00C04F79EFBC}") = "Day16Project5", "Day16Project5\Day16Project5.csproj", "{8A6AD0C3-CE9E-4BA0-B577-F725631597B4}"
EndProject
Global
	GlobalSection(SolutionConfigurationPlatforms) = preSolution
		Debug|Any CPU = Debug|Any CPU
		Release|Any CPU = Release|Any CPU
	EndGlobalSection
	GlobalSection(ProjectConfigurationPlatforms) = postSolution
		{8A6AD0C3-CE9E-4BA0-B577-F725631597B4}.Debug|Any CPU.ActiveCfg = Debug|Any CPU
		{8A6AD0C3-CE9E-4BA0-B577-F725631597B4}.Debug|Any CPU.Build.0 = Debug|Any CPU
		{8A6AD0C3-CE9E-4BA0-B577-F725631597B4}.Release|Any CPU.ActiveCfg = Release|Any CPU
		{8A6AD0C3-CE9E-4BA0-B577-F725631597B4}.Release|Any CPU.Build.0 = Release|Any CPU
	EndGlobalSection
	GlobalSection(SolutionProperties) = preSolution
		HideSolutionNode = FALSE
	EndGlobalSection
	GlobalSection(ExtensibilityGlobals) = postSolution
		SolutionGuid = {923F5E91-C85B-4466-9706-C5E8A12E3B02}
	EndGlobalSection
EndGlobal
