
Microsoft Visual Studio Solution File, Format Version 12.00
# Visual Studio Version 17
VisualStudioVersion = 17.0.32112.339
MinimumVisualStudioVersion = 10.0.40219.1
Project("{FAE04EC0-301F-11D3-BF4B-00C04F79EFBC}") = "Day11Project2", "Day11Project2\Day11Project2.csproj", "{600F972E-01F6-4F49-9624-99E0B799AF3B}"
EndProject
Global
	GlobalSection(SolutionConfigurationPlatforms) = preSolution
		Debug|Any CPU = Debug|Any CPU
		Release|Any CPU = Release|Any CPU
	EndGlobalSection
	GlobalSection(ProjectConfigurationPlatforms) = postSolution
		{600F972E-01F6-4F49-9624-99E0B799AF3B}.Debug|Any CPU.ActiveCfg = Debug|Any CPU
		{600F972E-01F6-4F49-9624-99E0B799AF3B}.Debug|Any CPU.Build.0 = Debug|Any CPU
		{600F972E-01F6-4F49-9624-99E0B799AF3B}.Release|Any CPU.ActiveCfg = Release|Any CPU
		{600F972E-01F6-4F49-9624-99E0B799AF3B}.Release|Any CPU.Build.0 = Release|Any CPU
	EndGlobalSection
	GlobalSection(SolutionProperties) = preSolution
		HideSolutionNode = FALSE
	EndGlobalSection
	GlobalSection(ExtensibilityGlobals) = postSolution
		SolutionGuid = {BCD15ABD-329E-4A0D-A53E-BFAC2EA96896}
	EndGlobalSection
EndGlobal
