
Microsoft Visual Studio Solution File, Format Version 12.00
# Visual Studio Version 17
VisualStudioVersion = 17.0.32112.339
MinimumVisualStudioVersion = 10.0.40219.1
Project("{FAE04EC0-301F-11D3-BF4B-00C04F79EFBC}") = "Prime", "Prime\Prime.csproj", "{AEE24C31-3B69-450E-8E24-E2894C7BA534}"
EndProject
Global
	GlobalSection(SolutionConfigurationPlatforms) = preSolution
		Debug|Any CPU = Debug|Any CPU
		Release|Any CPU = Release|Any CPU
	EndGlobalSection
	GlobalSection(ProjectConfigurationPlatforms) = postSolution
		{AEE24C31-3B69-450E-8E24-E2894C7BA534}.Debug|Any CPU.ActiveCfg = Debug|Any CPU
		{AEE24C31-3B69-450E-8E24-E2894C7BA534}.Debug|Any CPU.Build.0 = Debug|Any CPU
		{AEE24C31-3B69-450E-8E24-E2894C7BA534}.Release|Any CPU.ActiveCfg = Release|Any CPU
		{AEE24C31-3B69-450E-8E24-E2894C7BA534}.Release|Any CPU.Build.0 = Release|Any CPU
	EndGlobalSection
	GlobalSection(SolutionProperties) = preSolution
		HideSolutionNode = FALSE
	EndGlobalSection
	GlobalSection(ExtensibilityGlobals) = postSolution
		SolutionGuid = {EBDB3FAF-73C3-451A-875B-23E51D2E8CDC}
	EndGlobalSection
EndGlobal
