
Microsoft Visual Studio Solution File, Format Version 12.00
# Visual Studio Version 16
VisualStudioVersion = 16.0.32002.261
MinimumVisualStudioVersion = 10.0.40219.1
Project("{FAE04EC0-301F-11D3-BF4B-00C04F79EFBC}") = "Class1Library", "Class1Library\Class1Library.csproj", "{8EB16D08-9B78-469E-B33D-477EA67F5AB7}"
EndProject
Project("{FAE04EC0-301F-11D3-BF4B-00C04F79EFBC}") = "PartApp", "PartApp\PartApp.csproj", "{51DF5B14-6D63-44D1-B166-8AB0433ED77A}"
EndProject
Global
	GlobalSection(SolutionConfigurationPlatforms) = preSolution
		Debug|Any CPU = Debug|Any CPU
		Release|Any CPU = Release|Any CPU
	EndGlobalSection
	GlobalSection(ProjectConfigurationPlatforms) = postSolution
		{8EB16D08-9B78-469E-B33D-477EA67F5AB7}.Debug|Any CPU.ActiveCfg = Debug|Any CPU
		{8EB16D08-9B78-469E-B33D-477EA67F5AB7}.Debug|Any CPU.Build.0 = Debug|Any CPU
		{8EB16D08-9B78-469E-B33D-477EA67F5AB7}.Release|Any CPU.ActiveCfg = Release|Any CPU
		{8EB16D08-9B78-469E-B33D-477EA67F5AB7}.Release|Any CPU.Build.0 = Release|Any CPU
		{51DF5B14-6D63-44D1-B166-8AB0433ED77A}.Debug|Any CPU.ActiveCfg = Debug|Any CPU
		{51DF5B14-6D63-44D1-B166-8AB0433ED77A}.Debug|Any CPU.Build.0 = Debug|Any CPU
		{51DF5B14-6D63-44D1-B166-8AB0433ED77A}.Release|Any CPU.ActiveCfg = Release|Any CPU
		{51DF5B14-6D63-44D1-B166-8AB0433ED77A}.Release|Any CPU.Build.0 = Release|Any CPU
	EndGlobalSection
	GlobalSection(SolutionProperties) = preSolution
		HideSolutionNode = FALSE
	EndGlobalSection
	GlobalSection(ExtensibilityGlobals) = postSolution
		SolutionGuid = {F7A2D3F0-D450-4200-ADCB-116CACDDAAF0}
	EndGlobalSection
EndGlobal
