
Microsoft Visual Studio Solution File, Format Version 12.00
# Visual Studio Version 17
VisualStudioVersion = 17.0.32112.339
MinimumVisualStudioVersion = 10.0.40219.1
Project("{FAE04EC0-301F-11D3-BF4B-00C04F79EFBC}") = "Day9Project3", "Day9Project3\Day9Project3.csproj", "{7553B306-5735-4896-BC09-FE75E4A47DF5}"
EndProject
Global
	GlobalSection(SolutionConfigurationPlatforms) = preSolution
		Debug|Any CPU = Debug|Any CPU
		Release|Any CPU = Release|Any CPU
	EndGlobalSection
	GlobalSection(ProjectConfigurationPlatforms) = postSolution
		{7553B306-5735-4896-BC09-FE75E4A47DF5}.Debug|Any CPU.ActiveCfg = Debug|Any CPU
		{7553B306-5735-4896-BC09-FE75E4A47DF5}.Debug|Any CPU.Build.0 = Debug|Any CPU
		{7553B306-5735-4896-BC09-FE75E4A47DF5}.Release|Any CPU.ActiveCfg = Release|Any CPU
		{7553B306-5735-4896-BC09-FE75E4A47DF5}.Release|Any CPU.Build.0 = Release|Any CPU
	EndGlobalSection
	GlobalSection(SolutionProperties) = preSolution
		HideSolutionNode = FALSE
	EndGlobalSection
	GlobalSection(ExtensibilityGlobals) = postSolution
		SolutionGuid = {008487C2-8137-4E61-8B50-E62024D9C98E}
	EndGlobalSection
EndGlobal
