
Microsoft Visual Studio Solution File, Format Version 12.00
# Visual Studio Version 17
VisualStudioVersion = 17.0.32112.339
MinimumVisualStudioVersion = 10.0.40219.1
Project("{FAE04EC0-301F-11D3-BF4B-00C04F79EFBC}") = "Day10Project4", "Day10Project4\Day10Project4.csproj", "{ADF285EE-E22C-494F-88B3-34554746C0FA}"
EndProject
Global
	GlobalSection(SolutionConfigurationPlatforms) = preSolution
		Debug|Any CPU = Debug|Any CPU
		Release|Any CPU = Release|Any CPU
	EndGlobalSection
	GlobalSection(ProjectConfigurationPlatforms) = postSolution
		{ADF285EE-E22C-494F-88B3-34554746C0FA}.Debug|Any CPU.ActiveCfg = Debug|Any CPU
		{ADF285EE-E22C-494F-88B3-34554746C0FA}.Debug|Any CPU.Build.0 = Debug|Any CPU
		{ADF285EE-E22C-494F-88B3-34554746C0FA}.Release|Any CPU.ActiveCfg = Release|Any CPU
		{ADF285EE-E22C-494F-88B3-34554746C0FA}.Release|Any CPU.Build.0 = Release|Any CPU
	EndGlobalSection
	GlobalSection(SolutionProperties) = preSolution
		HideSolutionNode = FALSE
	EndGlobalSection
	GlobalSection(ExtensibilityGlobals) = postSolution
		SolutionGuid = {04BBB39C-E55C-4294-833F-ECE945003FAE}
	EndGlobalSection
EndGlobal
