
Microsoft Visual Studio Solution File, Format Version 12.00
# Visual Studio Version 17
VisualStudioVersion = 17.0.32112.339
MinimumVisualStudioVersion = 10.0.40219.1
Project("{FAE04EC0-301F-11D3-BF4B-00C04F79EFBC}") = "Day8Project2", "Day8Project2\Day8Project2.csproj", "{F77B185C-0FF6-4400-98A1-1A962ADDF836}"
EndProject
Global
	GlobalSection(SolutionConfigurationPlatforms) = preSolution
		Debug|Any CPU = Debug|Any CPU
		Release|Any CPU = Release|Any CPU
	EndGlobalSection
	GlobalSection(ProjectConfigurationPlatforms) = postSolution
		{F77B185C-0FF6-4400-98A1-1A962ADDF836}.Debug|Any CPU.ActiveCfg = Debug|Any CPU
		{F77B185C-0FF6-4400-98A1-1A962ADDF836}.Debug|Any CPU.Build.0 = Debug|Any CPU
		{F77B185C-0FF6-4400-98A1-1A962ADDF836}.Release|Any CPU.ActiveCfg = Release|Any CPU
		{F77B185C-0FF6-4400-98A1-1A962ADDF836}.Release|Any CPU.Build.0 = Release|Any CPU
	EndGlobalSection
	GlobalSection(SolutionProperties) = preSolution
		HideSolutionNode = FALSE
	EndGlobalSection
	GlobalSection(ExtensibilityGlobals) = postSolution
		SolutionGuid = {A2F61673-3FFB-42B7-9942-D9D40E6051B1}
	EndGlobalSection
EndGlobal
