
Microsoft Visual Studio Solution File, Format Version 12.00
# Visual Studio Version 17
VisualStudioVersion = 17.0.32112.339
MinimumVisualStudioVersion = 10.0.40219.1
Project("{FAE04EC0-301F-11D3-BF4B-00C04F79EFBC}") = "Day14Project4", "Day14Project4\Day14Project4.csproj", "{6F390041-30C0-4B6D-8A68-CD0F36EA97C3}"
EndProject
Global
	GlobalSection(SolutionConfigurationPlatforms) = preSolution
		Debug|Any CPU = Debug|Any CPU
		Release|Any CPU = Release|Any CPU
	EndGlobalSection
	GlobalSection(ProjectConfigurationPlatforms) = postSolution
		{6F390041-30C0-4B6D-8A68-CD0F36EA97C3}.Debug|Any CPU.ActiveCfg = Debug|Any CPU
		{6F390041-30C0-4B6D-8A68-CD0F36EA97C3}.Debug|Any CPU.Build.0 = Debug|Any CPU
		{6F390041-30C0-4B6D-8A68-CD0F36EA97C3}.Release|Any CPU.ActiveCfg = Release|Any CPU
		{6F390041-30C0-4B6D-8A68-CD0F36EA97C3}.Release|Any CPU.Build.0 = Release|Any CPU
	EndGlobalSection
	GlobalSection(SolutionProperties) = preSolution
		HideSolutionNode = FALSE
	EndGlobalSection
	GlobalSection(ExtensibilityGlobals) = postSolution
		SolutionGuid = {71506C2B-DB1E-46FD-9898-0E5A5A93720F}
	EndGlobalSection
EndGlobal
