
Microsoft Visual Studio Solution File, Format Version 12.00
# Visual Studio Version 17
VisualStudioVersion = 17.0.32112.339
MinimumVisualStudioVersion = 10.0.40219.1
Project("{FAE04EC0-301F-11D3-BF4B-00C04F79EFBC}") = "Day9Project4", "Day9Project4\Day9Project4.csproj", "{DCEDFA1F-3E6E-4B7B-A134-A0436BA3708C}"
EndProject
Global
	GlobalSection(SolutionConfigurationPlatforms) = preSolution
		Debug|Any CPU = Debug|Any CPU
		Release|Any CPU = Release|Any CPU
	EndGlobalSection
	GlobalSection(ProjectConfigurationPlatforms) = postSolution
		{DCEDFA1F-3E6E-4B7B-A134-A0436BA3708C}.Debug|Any CPU.ActiveCfg = Debug|Any CPU
		{DCEDFA1F-3E6E-4B7B-A134-A0436BA3708C}.Debug|Any CPU.Build.0 = Debug|Any CPU
		{DCEDFA1F-3E6E-4B7B-A134-A0436BA3708C}.Release|Any CPU.ActiveCfg = Release|Any CPU
		{DCEDFA1F-3E6E-4B7B-A134-A0436BA3708C}.Release|Any CPU.Build.0 = Release|Any CPU
	EndGlobalSection
	GlobalSection(SolutionProperties) = preSolution
		HideSolutionNode = FALSE
	EndGlobalSection
	GlobalSection(ExtensibilityGlobals) = postSolution
		SolutionGuid = {A29ECCD6-8FAE-4707-B928-6C6B1B44D670}
	EndGlobalSection
EndGlobal
