
Microsoft Visual Studio Solution File, Format Version 12.00
# Visual Studio Version 17
VisualStudioVersion = 17.0.32112.339
MinimumVisualStudioVersion = 10.0.40219.1
Project("{FAE04EC0-301F-11D3-BF4B-00C04F79EFBC}") = "Foreach4read", "Foreach4read\Foreach4read.csproj", "{70DD1E6F-22F5-45F8-8DF3-1BD865BC01C7}"
EndProject
Global
	GlobalSection(SolutionConfigurationPlatforms) = preSolution
		Debug|Any CPU = Debug|Any CPU
		Release|Any CPU = Release|Any CPU
	EndGlobalSection
	GlobalSection(ProjectConfigurationPlatforms) = postSolution
		{70DD1E6F-22F5-45F8-8DF3-1BD865BC01C7}.Debug|Any CPU.ActiveCfg = Debug|Any CPU
		{70DD1E6F-22F5-45F8-8DF3-1BD865BC01C7}.Debug|Any CPU.Build.0 = Debug|Any CPU
		{70DD1E6F-22F5-45F8-8DF3-1BD865BC01C7}.Release|Any CPU.ActiveCfg = Release|Any CPU
		{70DD1E6F-22F5-45F8-8DF3-1BD865BC01C7}.Release|Any CPU.Build.0 = Release|Any CPU
	EndGlobalSection
	GlobalSection(SolutionProperties) = preSolution
		HideSolutionNode = FALSE
	EndGlobalSection
	GlobalSection(ExtensibilityGlobals) = postSolution
		SolutionGuid = {8E189427-C72B-4558-A30F-5766B3BC6297}
	EndGlobalSection
EndGlobal
