
Microsoft Visual Studio Solution File, Format Version 12.00
# Visual Studio Version 17
VisualStudioVersion = 17.1.32210.238
MinimumVisualStudioVersion = 10.0.40219.1
Project("{FAE04EC0-301F-11D3-BF4B-00C04F79EFBC}") = "BusinessLogicLibrary", "BusinessLogicLibrary\BusinessLogicLibrary.csproj", "{7FBF4208-69BD-4101-992A-ECFA6EB1E549}"
EndProject
Project("{FAE04EC0-301F-11D3-BF4B-00C04F79EFBC}") = "DataAccessLibrary", "DataAccessLibrary\DataAccessLibrary.csproj", "{43C4C0C6-81B9-4484-ADCA-64A63241BFA9}"
EndProject
Project("{FAE04EC0-301F-11D3-BF4B-00C04F79EFBC}") = "MyClientApp", "MyClientApp\MyClientApp.csproj", "{77082FC8-5E60-4E21-B03B-3680A5B97429}"
EndProject
Global
	GlobalSection(SolutionConfigurationPlatforms) = preSolution
		Debug|Any CPU = Debug|Any CPU
		Release|Any CPU = Release|Any CPU
	EndGlobalSection
	GlobalSection(ProjectConfigurationPlatforms) = postSolution
		{7FBF4208-69BD-4101-992A-ECFA6EB1E549}.Debug|Any CPU.ActiveCfg = Debug|Any CPU
		{7FBF4208-69BD-4101-992A-ECFA6EB1E549}.Debug|Any CPU.Build.0 = Debug|Any CPU
		{7FBF4208-69BD-4101-992A-ECFA6EB1E549}.Release|Any CPU.ActiveCfg = Release|Any CPU
		{7FBF4208-69BD-4101-992A-ECFA6EB1E549}.Release|Any CPU.Build.0 = Release|Any CPU
		{43C4C0C6-81B9-4484-ADCA-64A63241BFA9}.Debug|Any CPU.ActiveCfg = Debug|Any CPU
		{43C4C0C6-81B9-4484-ADCA-64A63241BFA9}.Debug|Any CPU.Build.0 = Debug|Any CPU
		{43C4C0C6-81B9-4484-ADCA-64A63241BFA9}.Release|Any CPU.ActiveCfg = Release|Any CPU
		{43C4C0C6-81B9-4484-ADCA-64A63241BFA9}.Release|Any CPU.Build.0 = Release|Any CPU
		{77082FC8-5E60-4E21-B03B-3680A5B97429}.Debug|Any CPU.ActiveCfg = Debug|Any CPU
		{77082FC8-5E60-4E21-B03B-3680A5B97429}.Debug|Any CPU.Build.0 = Debug|Any CPU
		{77082FC8-5E60-4E21-B03B-3680A5B97429}.Release|Any CPU.ActiveCfg = Release|Any CPU
		{77082FC8-5E60-4E21-B03B-3680A5B97429}.Release|Any CPU.Build.0 = Release|Any CPU
	EndGlobalSection
	GlobalSection(SolutionProperties) = preSolution
		HideSolutionNode = FALSE
	EndGlobalSection
	GlobalSection(ExtensibilityGlobals) = postSolution
		SolutionGuid = {83023C65-8881-48CB-A2AD-78F2AC228585}
	EndGlobalSection
EndGlobal
