
Microsoft Visual Studio Solution File, Format Version 12.00
# Visual Studio Version 17
VisualStudioVersion = 17.0.32112.339
MinimumVisualStudioVersion = 10.0.40219.1
Project("{FAE04EC0-301F-11D3-BF4B-00C04F79EFBC}") = "Day7Project5", "Day7Project5\Day7Project5.csproj", "{616963CF-6817-405A-A166-FC5A72B97E73}"
EndProject
Global
	GlobalSection(SolutionConfigurationPlatforms) = preSolution
		Debug|Any CPU = Debug|Any CPU
		Release|Any CPU = Release|Any CPU
	EndGlobalSection
	GlobalSection(ProjectConfigurationPlatforms) = postSolution
		{616963CF-6817-405A-A166-FC5A72B97E73}.Debug|Any CPU.ActiveCfg = Debug|Any CPU
		{616963CF-6817-405A-A166-FC5A72B97E73}.Debug|Any CPU.Build.0 = Debug|Any CPU
		{616963CF-6817-405A-A166-FC5A72B97E73}.Release|Any CPU.ActiveCfg = Release|Any CPU
		{616963CF-6817-405A-A166-FC5A72B97E73}.Release|Any CPU.Build.0 = Release|Any CPU
	EndGlobalSection
	GlobalSection(SolutionProperties) = preSolution
		HideSolutionNode = FALSE
	EndGlobalSection
	GlobalSection(ExtensibilityGlobals) = postSolution
		SolutionGuid = {584A9A30-7C71-4142-AA94-74BC31624731}
	EndGlobalSection
EndGlobal
