
Microsoft Visual Studio Solution File, Format Version 12.00
# Visual Studio Version 17
VisualStudioVersion = 17.0.32112.339
MinimumVisualStudioVersion = 10.0.40219.1
Project("{FAE04EC0-301F-11D3-BF4B-00C04F79EFBC}") = "Recursion fact", "Recursion fact\Recursion fact.csproj", "{CEB4883D-0D3B-4DFD-B91B-1E1BD58AFB0E}"
EndProject
Global
	GlobalSection(SolutionConfigurationPlatforms) = preSolution
		Debug|Any CPU = Debug|Any CPU
		Release|Any CPU = Release|Any CPU
	EndGlobalSection
	GlobalSection(ProjectConfigurationPlatforms) = postSolution
		{CEB4883D-0D3B-4DFD-B91B-1E1BD58AFB0E}.Debug|Any CPU.ActiveCfg = Debug|Any CPU
		{CEB4883D-0D3B-4DFD-B91B-1E1BD58AFB0E}.Debug|Any CPU.Build.0 = Debug|Any CPU
		{CEB4883D-0D3B-4DFD-B91B-1E1BD58AFB0E}.Release|Any CPU.ActiveCfg = Release|Any CPU
		{CEB4883D-0D3B-4DFD-B91B-1E1BD58AFB0E}.Release|Any CPU.Build.0 = Release|Any CPU
	EndGlobalSection
	GlobalSection(SolutionProperties) = preSolution
		HideSolutionNode = FALSE
	EndGlobalSection
	GlobalSection(ExtensibilityGlobals) = postSolution
		SolutionGuid = {369271B0-7F9C-41AA-B1D9-C5A58BB79D57}
	EndGlobalSection
EndGlobal
