
Microsoft Visual Studio Solution File, Format Version 12.00
# Visual Studio Version 17
VisualStudioVersion = 17.0.32112.339
MinimumVisualStudioVersion = 10.0.40219.1
Project("{FAE04EC0-301F-11D3-BF4B-00C04F79EFBC}") = "Armstrong", "Armstrong\Armstrong.csproj", "{16B7B410-AB79-4AEC-87C7-FDC660617C84}"
EndProject
Global
	GlobalSection(SolutionConfigurationPlatforms) = preSolution
		Debug|Any CPU = Debug|Any CPU
		Release|Any CPU = Release|Any CPU
	EndGlobalSection
	GlobalSection(ProjectConfigurationPlatforms) = postSolution
		{16B7B410-AB79-4AEC-87C7-FDC660617C84}.Debug|Any CPU.ActiveCfg = Debug|Any CPU
		{16B7B410-AB79-4AEC-87C7-FDC660617C84}.Debug|Any CPU.Build.0 = Debug|Any CPU
		{16B7B410-AB79-4AEC-87C7-FDC660617C84}.Release|Any CPU.ActiveCfg = Release|Any CPU
		{16B7B410-AB79-4AEC-87C7-FDC660617C84}.Release|Any CPU.Build.0 = Release|Any CPU
	EndGlobalSection
	GlobalSection(SolutionProperties) = preSolution
		HideSolutionNode = FALSE
	EndGlobalSection
	GlobalSection(ExtensibilityGlobals) = postSolution
		SolutionGuid = {429B6479-505D-4A08-99D0-2EE6063F6D2D}
	EndGlobalSection
EndGlobal
