
Microsoft Visual Studio Solution File, Format Version 12.00
# Visual Studio Version 17
VisualStudioVersion = 17.0.32112.339
MinimumVisualStudioVersion = 10.0.40219.1
Project("{FAE04EC0-301F-11D3-BF4B-00C04F79EFBC}") = "Day2Project1", "Day2Project1\Day2Project1.csproj", "{B7E46929-0B7F-4C87-9195-CB50080668C6}"
EndProject
Global
	GlobalSection(SolutionConfigurationPlatforms) = preSolution
		Debug|Any CPU = Debug|Any CPU
		Release|Any CPU = Release|Any CPU
	EndGlobalSection
	GlobalSection(ProjectConfigurationPlatforms) = postSolution
		{B7E46929-0B7F-4C87-9195-CB50080668C6}.Debug|Any CPU.ActiveCfg = Debug|Any CPU
		{B7E46929-0B7F-4C87-9195-CB50080668C6}.Debug|Any CPU.Build.0 = Debug|Any CPU
		{B7E46929-0B7F-4C87-9195-CB50080668C6}.Release|Any CPU.ActiveCfg = Release|Any CPU
		{B7E46929-0B7F-4C87-9195-CB50080668C6}.Release|Any CPU.Build.0 = Release|Any CPU
	EndGlobalSection
	GlobalSection(SolutionProperties) = preSolution
		HideSolutionNode = FALSE
	EndGlobalSection
	GlobalSection(ExtensibilityGlobals) = postSolution
		SolutionGuid = {997AD5EB-775F-4E82-A3ED-7D42C1DD8248}
	EndGlobalSection
EndGlobal
