
Microsoft Visual Studio Solution File, Format Version 12.00
# Visual Studio Version 17
VisualStudioVersion = 17.0.32112.339
MinimumVisualStudioVersion = 10.0.40219.1
Project("{FAE04EC0-301F-11D3-BF4B-00C04F79EFBC}") = "Swapwithoutvar", "Swapwithoutvar\Swapwithoutvar.csproj", "{71BE1E4C-A83B-4FA7-9CC9-46BE358659DB}"
EndProject
Global
	GlobalSection(SolutionConfigurationPlatforms) = preSolution
		Debug|Any CPU = Debug|Any CPU
		Release|Any CPU = Release|Any CPU
	EndGlobalSection
	GlobalSection(ProjectConfigurationPlatforms) = postSolution
		{71BE1E4C-A83B-4FA7-9CC9-46BE358659DB}.Debug|Any CPU.ActiveCfg = Debug|Any CPU
		{71BE1E4C-A83B-4FA7-9CC9-46BE358659DB}.Debug|Any CPU.Build.0 = Debug|Any CPU
		{71BE1E4C-A83B-4FA7-9CC9-46BE358659DB}.Release|Any CPU.ActiveCfg = Release|Any CPU
		{71BE1E4C-A83B-4FA7-9CC9-46BE358659DB}.Release|Any CPU.Build.0 = Release|Any CPU
	EndGlobalSection
	GlobalSection(SolutionProperties) = preSolution
		HideSolutionNode = FALSE
	EndGlobalSection
	GlobalSection(ExtensibilityGlobals) = postSolution
		SolutionGuid = {D69BABF4-99B3-461E-BE3A-A143CB80215E}
	EndGlobalSection
EndGlobal
