
Microsoft Visual Studio Solution File, Format Version 12.00
# Visual Studio Version 16
VisualStudioVersion = 16.0.32002.261
MinimumVisualStudioVersion = 10.0.40219.1
Project("{FAE04EC0-301F-11D3-BF4B-00C04F79EFBC}") = "C1Library", "C1Library\C1Library.csproj", "{8A41C7BD-233A-4FC8-9043-6F95E269D375}"
EndProject
Project("{FAE04EC0-301F-11D3-BF4B-00C04F79EFBC}") = "PartialApp", "PartialApp\PartialApp.csproj", "{7AE373B6-A73C-4CFA-9138-D074BBFAF9A4}"
EndProject
Global
	GlobalSection(SolutionConfigurationPlatforms) = preSolution
		Debug|Any CPU = Debug|Any CPU
		Release|Any CPU = Release|Any CPU
	EndGlobalSection
	GlobalSection(ProjectConfigurationPlatforms) = postSolution
		{8A41C7BD-233A-4FC8-9043-6F95E269D375}.Debug|Any CPU.ActiveCfg = Debug|Any CPU
		{8A41C7BD-233A-4FC8-9043-6F95E269D375}.Debug|Any CPU.Build.0 = Debug|Any CPU
		{8A41C7BD-233A-4FC8-9043-6F95E269D375}.Release|Any CPU.ActiveCfg = Release|Any CPU
		{8A41C7BD-233A-4FC8-9043-6F95E269D375}.Release|Any CPU.Build.0 = Release|Any CPU
		{7AE373B6-A73C-4CFA-9138-D074BBFAF9A4}.Debug|Any CPU.ActiveCfg = Debug|Any CPU
		{7AE373B6-A73C-4CFA-9138-D074BBFAF9A4}.Debug|Any CPU.Build.0 = Debug|Any CPU
		{7AE373B6-A73C-4CFA-9138-D074BBFAF9A4}.Release|Any CPU.ActiveCfg = Release|Any CPU
		{7AE373B6-A73C-4CFA-9138-D074BBFAF9A4}.Release|Any CPU.Build.0 = Release|Any CPU
	EndGlobalSection
	GlobalSection(SolutionProperties) = preSolution
		HideSolutionNode = FALSE
	EndGlobalSection
	GlobalSection(ExtensibilityGlobals) = postSolution
		SolutionGuid = {07A5DF21-7295-4E13-A85A-E3DFEB0F40EC}
	EndGlobalSection
EndGlobal
