
Microsoft Visual Studio Solution File, Format Version 12.00
# Visual Studio Version 17
VisualStudioVersion = 17.0.32112.339
MinimumVisualStudioVersion = 10.0.40219.1
Project("{FAE04EC0-301F-11D3-BF4B-00C04F79EFBC}") = "Day10Project7", "Day10Project7\Day10Project7.csproj", "{B73D91F6-BC88-4A89-8695-0BC34A6896C4}"
EndProject
Global
	GlobalSection(SolutionConfigurationPlatforms) = preSolution
		Debug|Any CPU = Debug|Any CPU
		Release|Any CPU = Release|Any CPU
	EndGlobalSection
	GlobalSection(ProjectConfigurationPlatforms) = postSolution
		{B73D91F6-BC88-4A89-8695-0BC34A6896C4}.Debug|Any CPU.ActiveCfg = Debug|Any CPU
		{B73D91F6-BC88-4A89-8695-0BC34A6896C4}.Debug|Any CPU.Build.0 = Debug|Any CPU
		{B73D91F6-BC88-4A89-8695-0BC34A6896C4}.Release|Any CPU.ActiveCfg = Release|Any CPU
		{B73D91F6-BC88-4A89-8695-0BC34A6896C4}.Release|Any CPU.Build.0 = Release|Any CPU
	EndGlobalSection
	GlobalSection(SolutionProperties) = preSolution
		HideSolutionNode = FALSE
	EndGlobalSection
	GlobalSection(ExtensibilityGlobals) = postSolution
		SolutionGuid = {E3A605CC-1D18-4FD5-8AB3-AC14EF47E609}
	EndGlobalSection
EndGlobal
