
Microsoft Visual Studio Solution File, Format Version 12.00
# Visual Studio Version 16
VisualStudioVersion = 16.0.32002.261
MinimumVisualStudioVersion = 10.0.40219.1
Project("{FAE04EC0-301F-11D3-BF4B-00C04F79EFBC}") = "Day20Project1", "Day20Project1\Day20Project1.csproj", "{45A9E73E-FFCC-495E-91CF-25BF203E762F}"
EndProject
Global
	GlobalSection(SolutionConfigurationPlatforms) = preSolution
		Debug|Any CPU = Debug|Any CPU
		Release|Any CPU = Release|Any CPU
	EndGlobalSection
	GlobalSection(ProjectConfigurationPlatforms) = postSolution
		{45A9E73E-FFCC-495E-91CF-25BF203E762F}.Debug|Any CPU.ActiveCfg = Debug|Any CPU
		{45A9E73E-FFCC-495E-91CF-25BF203E762F}.Debug|Any CPU.Build.0 = Debug|Any CPU
		{45A9E73E-FFCC-495E-91CF-25BF203E762F}.Release|Any CPU.ActiveCfg = Release|Any CPU
		{45A9E73E-FFCC-495E-91CF-25BF203E762F}.Release|Any CPU.Build.0 = Release|Any CPU
	EndGlobalSection
	GlobalSection(SolutionProperties) = preSolution
		HideSolutionNode = FALSE
	EndGlobalSection
	GlobalSection(ExtensibilityGlobals) = postSolution
		SolutionGuid = {F2BE539A-A04D-4A99-80C0-EFB1A0772FC1}
	EndGlobalSection
EndGlobal
